
Microsoft Visual Studio Solution File, Format Version 11.00
# Visual Studio 2010
Project("{FAE04EC0-301F-11D3-BF4B-00C04F79EFBC}") = "Assembly-CSharp", "Assembly-CSharp.csproj", "{E9B306B4-9909-8488-1600-AA978DFC51BA}"
EndProject
Project("{FAE04EC0-301F-11D3-BF4B-00C04F79EFBC}") = "Assembly-CSharp-Editor", "Assembly-CSharp-Editor.csproj", "{8969ACA3-E797-FF15-8328-91A570303798}"
EndProject
Global
	GlobalSection(SolutionConfigurationPlatforms) = preSolution
		Debug|Any CPU = Debug|Any CPU
		Release|Any CPU = Release|Any CPU
	EndGlobalSection
	GlobalSection(ProjectConfigurationPlatforms) = postSolution
		{E9B306B4-9909-8488-1600-AA978DFC51BA}.Debug|Any CPU.ActiveCfg = Debug|Any CPU
		{E9B306B4-9909-8488-1600-AA978DFC51BA}.Debug|Any CPU.Build.0 = Debug|Any CPU
		{E9B306B4-9909-8488-1600-AA978DFC51BA}.Release|Any CPU.ActiveCfg = Release|Any CPU
		{E9B306B4-9909-8488-1600-AA978DFC51BA}.Release|Any CPU.Build.0 = Release|Any CPU
		{8969ACA3-E797-FF15-8328-91A570303798}.Debug|Any CPU.ActiveCfg = Debug|Any CPU
		{8969ACA3-E797-FF15-8328-91A570303798}.Debug|Any CPU.Build.0 = Debug|Any CPU
		{8969ACA3-E797-FF15-8328-91A570303798}.Release|Any CPU.ActiveCfg = Release|Any CPU
		{8969ACA3-E797-FF15-8328-91A570303798}.Release|Any CPU.Build.0 = Release|Any CPU
	EndGlobalSection
	GlobalSection(SolutionProperties) = preSolution
		HideSolutionNode = FALSE
	EndGlobalSection
EndGlobal
